github.com/ellemouton/genmake v0.0.0-20201016130221-2a02aef99283 h1:u2oUC7lMEj8dPaFBYHzpGNcto6oKmfoISjD7DZtgxMc=
github.com/ellemouton/genmake v0.0.0-20201016130221-2a02aef99283/go.mod h1:Bxk1/NlMcAfCG6mrtDTL+D7yf42BUFm5ZRN87SzSB7E=
github.com/ellemouton/genmake v0.0.0-20201016190753-638287886e7f h1:8E9S7xeBGcOPYOw+6NsjclcH+gBMsuo75Xq5CGwjMTI=
github.com/ellemouton/genmake v0.0.0-20201016190753-638287886e7f/go.mod h1:Bxk1/NlMcAfCG6mrtDTL+D7yf42BUFm5ZRN87SzSB7E=
